NeoBundleLock Align 787662fe90cd057942bc5b682fd70c87e1a9dd77
NeoBundleLock JavaScript-syntax e24f4aa35f7d8c18cef41bc4cc76f52db5327f80
NeoBundleLock auto-ctags.vim 42bd65908c4a93145d25257cdbf15e717f472dc0
NeoBundleLock caw.vim 0ee627dc08f9a85c5d867cde4eb43b91f9c114db
NeoBundleLock errormarker.vim eab7ae1d8961d3512703aa9eadefbde5f062a970
NeoBundleLock grep.vim 852ddb0c6590bbc41c508d7f5d2fc17112492def
NeoBundleLock hahhah-vim 1f34814a4f9c042cab4b330bc78baa543d8aeeee
NeoBundleLock indentLine 300c719b3e0348a65457109386ded3f32f7cd319
NeoBundleLock neobundle.vim 849487832fb2f3f76d2031bb439148d4bb85595d
NeoBundleLock neocomplete.vim 39661033cce39ebd013451b49809e94ade3ba08c
NeoBundleLock neosnippet-snippets f72814aee4f8530b0f22ca9fa814e1e6473ba543
NeoBundleLock neosnippet.vim 1617094a8c9df36d9a505f533b3a2efa44039412
NeoBundleLock nerdtree bcf3de4fdffae45fc7c85b6b84a01b37177924aa
NeoBundleLock powerline d78d29c61e1d1d74274c33f4cf57f36b17273058
NeoBundleLock powerline-fontpatcher 18a788b8ec1822095813b73b0582a096320ff714
NeoBundleLock recognize_charcode.vim e3736c82396ae54160a275329e2915ddd8ca2d83
NeoBundleLock sidepanel.vim a4ecbf8b1ea8e7db3c283167f14b3783deae5f70
NeoBundleLock syntastic 1be907716e4940d2387545e3e42b6411c9c58a6c
NeoBundleLock tagbar 7b36c46d17d57db34fdb0adac9ba6382d0bb5e66
NeoBundleLock vim-coffee-script 32fe889b8cafd3a4921ef8e6485156453ff58c42
NeoBundleLock vim-cpp-enhanced-highlight 514f4cb8ac22da86308e8a91cb0cf53b4e4fc72a
NeoBundleLock vim-java 5d2879e1817edde374e1566bc6f1925763063031
NeoBundleLock vim-python 05362358dda040f9fb938f6269ab7fe54d8fec0b
NeoBundleLock vim-quickrun ec9f7f2c26dd49ffaf4f3ce8c6254c76696fbf41
NeoBundleLock vim-smartinput 78ab4b3df24fa2753d3dfc1be75ed5a3df1565b8
NeoBundleLock vim-surround 2d05440ad23f97a7874ebd9b5de3a0e65d25d85c
NeoBundleLock vim-toggle e5ff5158fbc3c176ddc432df10e3332c96fe2c7a
NeoBundleLock vim-trailing-whitespace 478b217d299b6f5938b43a4929d6bb0907cc3a56
NeoBundleLock vimdoc_ja 14207be02ecb1de326b1f36792dafe50ab64b774
NeoBundleLock vimproc 9d87064fa9da09c53d928d519254ad1c254aaf87
NeoBundleLock xmledit 5cd9e3930b5a3b2c6e831e1553b1a2c0941c60fd
